
Microsoft Visual Studio Solution File, Format Version 12.00
# Visual Studio Version 16
VisualStudioVersion = 16.0.30523.141
MinimumVisualStudioVersion = 10.0.40219.1
Project("{FAE04EC0-301F-11D3-BF4B-00C04F79EFBC}") = "Youtube_Video_to_Mp3", "Youtube_Video_to_Mp3\Youtube_Video_to_Mp3.csproj", "{86DCB3EF-2601-48CD-B9D1-E43162590286}"
EndProject
Global
	GlobalSection(SolutionConfigurationPlatforms) = preSolution
		Debug|Any CPU = Debug|Any CPU
		Release|Any CPU = Release|Any CPU
	EndGlobalSection
	GlobalSection(ProjectConfigurationPlatforms) = postSolution
		{86DCB3EF-2601-48CD-B9D1-E43162590286}.Debug|Any CPU.ActiveCfg = Debug|Any CPU
		{86DCB3EF-2601-48CD-B9D1-E43162590286}.Debug|Any CPU.Build.0 = Debug|Any CPU
		{86DCB3EF-2601-48CD-B9D1-E43162590286}.Release|Any CPU.ActiveCfg = Release|Any CPU
		{86DCB3EF-2601-48CD-B9D1-E43162590286}.Release|Any CPU.Build.0 = Release|Any CPU
	EndGlobalSection
	GlobalSection(SolutionProperties) = preSolution
		HideSolutionNode = FALSE
	EndGlobalSection
	GlobalSection(ExtensibilityGlobals) = postSolution
		SolutionGuid = {A37D7D38-482B-454A-95C1-CABCB356171B}
	EndGlobalSection
EndGlobal
